
Microsoft Visual Studio Solution File, Format Version 12.00
# Visual Studio Version 17
VisualStudioVersion = 17.5.33516.290
MinimumVisualStudioVersion = 10.0.40219.1
Project("{FAE04EC0-301F-11D3-BF4B-00C04F79EFBC}") = "presentacion", "presentacion\presentacion.csproj", "{3150256F-D51C-4A9F-A094-6387C8242C03}"
EndProject
Global
	GlobalSection(SolutionConfigurationPlatforms) = preSolution
		Debug|Any CPU = Debug|Any CPU
		Release|Any CPU = Release|Any CPU
	EndGlobalSection
	GlobalSection(ProjectConfigurationPlatforms) = postSolution
		{3150256F-D51C-4A9F-A094-6387C8242C03}.Debug|Any CPU.ActiveCfg = Debug|Any CPU
		{3150256F-D51C-4A9F-A094-6387C8242C03}.Debug|Any CPU.Build.0 = Debug|Any CPU
		{3150256F-D51C-4A9F-A094-6387C8242C03}.Release|Any CPU.ActiveCfg = Release|Any CPU
		{3150256F-D51C-4A9F-A094-6387C8242C03}.Release|Any CPU.Build.0 = Release|Any CPU
	EndGlobalSection
	GlobalSection(SolutionProperties) = preSolution
		HideSolutionNode = FALSE
	EndGlobalSection
	GlobalSection(ExtensibilityGlobals) = postSolution
		SolutionGuid = {06E76E40-C849-418B-BD37-22DC5DBDB510}
	EndGlobalSection
EndGlobal
