
Microsoft Visual Studio Solution File, Format Version 12.00
# Visual Studio Version 17
VisualStudioVersion = 17.5.33516.290
MinimumVisualStudioVersion = 10.0.40219.1
Project("{FAE04EC0-301F-11D3-BF4B-00C04F79EFBC}") = "presentacion", "presentacion\presentacion.csproj", "{3150256F-D51C-4A9F-A094-6387C8242C03}"
EndProject
Project("{FAE04EC0-301F-11D3-BF4B-00C04F79EFBC}") = "Dominio", "Dominio\Dominio.csproj", "{F7942AE2-7223-42A8-B00F-B455F4F9E864}"
EndProject
Project("{FAE04EC0-301F-11D3-BF4B-00C04F79EFBC}") = "Negocio", "Negocio\Negocio.csproj", "{356E8F7C-4F63-4033-974C-4F792EFFF71E}"
EndProject
Global
	GlobalSection(SolutionConfigurationPlatforms) = preSolution
		Debug|Any CPU = Debug|Any CPU
		Release|Any CPU = Release|Any CPU
	EndGlobalSection
	GlobalSection(ProjectConfigurationPlatforms) = postSolution
		{3150256F-D51C-4A9F-A094-6387C8242C03}.Debug|Any CPU.ActiveCfg = Debug|Any CPU
		{3150256F-D51C-4A9F-A094-6387C8242C03}.Debug|Any CPU.Build.0 = Debug|Any CPU
		{3150256F-D51C-4A9F-A094-6387C8242C03}.Release|Any CPU.ActiveCfg = Release|Any CPU
		{3150256F-D51C-4A9F-A094-6387C8242C03}.Release|Any CPU.Build.0 = Release|Any CPU
		{F7942AE2-7223-42A8-B00F-B455F4F9E864}.Debug|Any CPU.ActiveCfg = Debug|Any CPU
		{F7942AE2-7223-42A8-B00F-B455F4F9E864}.Debug|Any CPU.Build.0 = Debug|Any CPU
		{F7942AE2-7223-42A8-B00F-B455F4F9E864}.Release|Any CPU.ActiveCfg = Release|Any CPU
		{F7942AE2-7223-42A8-B00F-B455F4F9E864}.Release|Any CPU.Build.0 = Release|Any CPU
		{356E8F7C-4F63-4033-974C-4F792EFFF71E}.Debug|Any CPU.ActiveCfg = Debug|Any CPU
		{356E8F7C-4F63-4033-974C-4F792EFFF71E}.Debug|Any CPU.Build.0 = Debug|Any CPU
		{356E8F7C-4F63-4033-974C-4F792EFFF71E}.Release|Any CPU.ActiveCfg = Release|Any CPU
		{356E8F7C-4F63-4033-974C-4F792EFFF71E}.Release|Any CPU.Build.0 = Release|Any CPU
	EndGlobalSection
	GlobalSection(SolutionProperties) = preSolution
		HideSolutionNode = FALSE
	EndGlobalSection
	GlobalSection(ExtensibilityGlobals) = postSolution
		SolutionGuid = {06E76E40-C849-418B-BD37-22DC5DBDB510}
	EndGlobalSection
EndGlobal
